
Microsoft Visual Studio Solution File, Format Version 12.00
# Visual Studio Version 17
VisualStudioVersion = 17.2.32616.157
MinimumVisualStudioVersion = 10.0.40219.1
Project("{9A19103F-16F7-4668-BE54-9A1E7A4F7556}") = "NTDLS.MemQueue", "NTDLS.MemQueue\NTDLS.MemQueue.csproj", "{DAD80875-4DEC-44C3-946D-A47A7918E9FD}"
EndProject
Project("{2150E333-8FDC-42A3-9474-1A3956D46DE8}") = "Test Harness", "Test Harness", "{F035D4B7-FFE2-41FB-9C51-A57685D524AC}"
EndProject
Project("{9A19103F-16F7-4668-BE54-9A1E7A4F7556}") = "TestHarness.Server", "TestHarness.Server\TestHarness.Server.csproj", "{A704DD81-5CDA-42E2-9C81-7869DACEC53C}"
EndProject
Project("{9A19103F-16F7-4668-BE54-9A1E7A4F7556}") = "TestHarness.Chat", "TestHarness.Chat\TestHarness.Chat.csproj", "{4CE87275-4C3B-4E4B-B8E8-E6872D4E9D1C}"
EndProject
Project("{9A19103F-16F7-4668-BE54-9A1E7A4F7556}") = "TestHarness.Chat.LocalOnly", "TestHarness.Chat.LocalOnly\TestHarness.Chat.LocalOnly.csproj", "{3A05815A-4290-4A50-A14A-0492E1B241E7}"
EndProject
Project("{9A19103F-16F7-4668-BE54-9A1E7A4F7556}") = "TestHarness.Chat.LocalOnly.Options", "TestHarness.Chat.LocalOnly.Options\TestHarness.Chat.LocalOnly.Options.csproj", "{4B3BD11D-A47C-48F2-BF34-3825863DA95F}"
EndProject
Project("{9A19103F-16F7-4668-BE54-9A1E7A4F7556}") = "TestHarness.Client.StressTest", "TestHarness.Client.StressTest\TestHarness.Client.StressTest.csproj", "{29863CC2-3C4E-4BFC-AB33-F8D4044F5A49}"
EndProject
Project("{9A19103F-16F7-4668-BE54-9A1E7A4F7556}") = "TestHarness.Client.StressTest.LocalOnly", "TestHarness.Client.StressTest.LocalOnly\TestHarness.Client.StressTest.LocalOnly.csproj", "{9CEDCBDE-192C-4468-BCC7-FA6C2ECDC6CE}"
EndProject
Global
	GlobalSection(SolutionConfigurationPlatforms) = preSolution
		Debug|Any CPU = Debug|Any CPU
		Release|Any CPU = Release|Any CPU
	EndGlobalSection
	GlobalSection(ProjectConfigurationPlatforms) = postSolution
		{DAD80875-4DEC-44C3-946D-A47A7918E9FD}.Debug|Any CPU.ActiveCfg = Debug|Any CPU
		{DAD80875-4DEC-44C3-946D-A47A7918E9FD}.Debug|Any CPU.Build.0 = Debug|Any CPU
		{DAD80875-4DEC-44C3-946D-A47A7918E9FD}.Release|Any CPU.ActiveCfg = Release|Any CPU
		{DAD80875-4DEC-44C3-946D-A47A7918E9FD}.Release|Any CPU.Build.0 = Release|Any CPU
		{A704DD81-5CDA-42E2-9C81-7869DACEC53C}.Debug|Any CPU.ActiveCfg = Debug|Any CPU
		{A704DD81-5CDA-42E2-9C81-7869DACEC53C}.Debug|Any CPU.Build.0 = Debug|Any CPU
		{A704DD81-5CDA-42E2-9C81-7869DACEC53C}.Release|Any CPU.ActiveCfg = Release|Any CPU
		{A704DD81-5CDA-42E2-9C81-7869DACEC53C}.Release|Any CPU.Build.0 = Release|Any CPU
		{4CE87275-4C3B-4E4B-B8E8-E6872D4E9D1C}.Debug|Any CPU.ActiveCfg = Debug|Any CPU
		{4CE87275-4C3B-4E4B-B8E8-E6872D4E9D1C}.Debug|Any CPU.Build.0 = Debug|Any CPU
		{4CE87275-4C3B-4E4B-B8E8-E6872D4E9D1C}.Release|Any CPU.ActiveCfg = Release|Any CPU
		{4CE87275-4C3B-4E4B-B8E8-E6872D4E9D1C}.Release|Any CPU.Build.0 = Release|Any CPU
		{3A05815A-4290-4A50-A14A-0492E1B241E7}.Debug|Any CPU.ActiveCfg = Debug|Any CPU
		{3A05815A-4290-4A50-A14A-0492E1B241E7}.Debug|Any CPU.Build.0 = Debug|Any CPU
		{3A05815A-4290-4A50-A14A-0492E1B241E7}.Release|Any CPU.ActiveCfg = Release|Any CPU
		{3A05815A-4290-4A50-A14A-0492E1B241E7}.Release|Any CPU.Build.0 = Release|Any CPU
		{4B3BD11D-A47C-48F2-BF34-3825863DA95F}.Debug|Any CPU.ActiveCfg = Debug|Any CPU
		{4B3BD11D-A47C-48F2-BF34-3825863DA95F}.Debug|Any CPU.Build.0 = Debug|Any CPU
		{4B3BD11D-A47C-48F2-BF34-3825863DA95F}.Release|Any CPU.ActiveCfg = Release|Any CPU
		{4B3BD11D-A47C-48F2-BF34-3825863DA95F}.Release|Any CPU.Build.0 = Release|Any CPU
		{29863CC2-3C4E-4BFC-AB33-F8D4044F5A49}.Debug|Any CPU.ActiveCfg = Debug|Any CPU
		{29863CC2-3C4E-4BFC-AB33-F8D4044F5A49}.Debug|Any CPU.Build.0 = Debug|Any CPU
		{29863CC2-3C4E-4BFC-AB33-F8D4044F5A49}.Release|Any CPU.ActiveCfg = Release|Any CPU
		{29863CC2-3C4E-4BFC-AB33-F8D4044F5A49}.Release|Any CPU.Build.0 = Release|Any CPU
		{9CEDCBDE-192C-4468-BCC7-FA6C2ECDC6CE}.Debug|Any CPU.ActiveCfg = Debug|Any CPU
		{9CEDCBDE-192C-4468-BCC7-FA6C2ECDC6CE}.Debug|Any CPU.Build.0 = Debug|Any CPU
		{9CEDCBDE-192C-4468-BCC7-FA6C2ECDC6CE}.Release|Any CPU.ActiveCfg = Release|Any CPU
		{9CEDCBDE-192C-4468-BCC7-FA6C2ECDC6CE}.Release|Any CPU.Build.0 = Release|Any CPU
	EndGlobalSection
	GlobalSection(SolutionProperties) = preSolution
		HideSolutionNode = FALSE
	EndGlobalSection
	GlobalSection(NestedProjects) = preSolution
		{A704DD81-5CDA-42E2-9C81-7869DACEC53C} = {F035D4B7-FFE2-41FB-9C51-A57685D524AC}
		{4CE87275-4C3B-4E4B-B8E8-E6872D4E9D1C} = {F035D4B7-FFE2-41FB-9C51-A57685D524AC}
		{3A05815A-4290-4A50-A14A-0492E1B241E7} = {F035D4B7-FFE2-41FB-9C51-A57685D524AC}
		{4B3BD11D-A47C-48F2-BF34-3825863DA95F} = {F035D4B7-FFE2-41FB-9C51-A57685D524AC}
		{29863CC2-3C4E-4BFC-AB33-F8D4044F5A49} = {F035D4B7-FFE2-41FB-9C51-A57685D524AC}
		{9CEDCBDE-192C-4468-BCC7-FA6C2ECDC6CE} = {F035D4B7-FFE2-41FB-9C51-A57685D524AC}
	EndGlobalSection
	GlobalSection(ExtensibilityGlobals) = postSolution
		SolutionGuid = {4A18CAD8-908E-49BD-9011-B62501F88961}
	EndGlobalSection
EndGlobal
